
Microsoft Visual Studio Solution File, Format Version 12.00
# Visual Studio Version 16
VisualStudioVersion = 16.0.30717.126
MinimumVisualStudioVersion = 10.0.40219.1
Project("{FAE04EC0-301F-11D3-BF4B-00C04F79EFBC}") = "EatingDaily", "EatingDaily.csproj", "{42D99027-A7A6-455E-93DF-7B6D4B0435C1}"
EndProject
Global
	GlobalSection(SolutionConfigurationPlatforms) = preSolution
		Debug|Any CPU = Debug|Any CPU
		Release|Any CPU = Release|Any CPU
	EndGlobalSection
	GlobalSection(ProjectConfigurationPlatforms) = postSolution
		{42D99027-A7A6-455E-93DF-7B6D4B0435C1}.Debug|Any CPU.ActiveCfg = Debug|Any CPU
		{42D99027-A7A6-455E-93DF-7B6D4B0435C1}.Debug|Any CPU.Build.0 = Debug|Any CPU
		{42D99027-A7A6-455E-93DF-7B6D4B0435C1}.Release|Any CPU.ActiveCfg = Release|Any CPU
		{42D99027-A7A6-455E-93DF-7B6D4B0435C1}.Release|Any CPU.Build.0 = Release|Any CPU
	EndGlobalSection
	GlobalSection(SolutionProperties) = preSolution
		HideSolutionNode = FALSE
	EndGlobalSection
	GlobalSection(ExtensibilityGlobals) = postSolution
		SolutionGuid = {1283DC43-F17E-490B-A837-9CF35008E0FE}
	EndGlobalSection
EndGlobal
